
Microsoft Visual Studio Solution File, Format Version 12.00
# Visual Studio Version 16
VisualStudioVersion = 16.0.30523.141
MinimumVisualStudioVersion = 10.0.40219.1
Project("{FAE04EC0-301F-11D3-BF4B-00C04F79EFBC}") = "Drukspillet - Asbjørn og Tobias", "Drukspillet - Asbjørn og Tobias.csproj", "{DD94E76D-7A53-415C-867A-29CAADA40587}"
EndProject
Global
	GlobalSection(SolutionConfigurationPlatforms) = preSolution
		Debug|Any CPU = Debug|Any CPU
		Release|Any CPU = Release|Any CPU
	EndGlobalSection
	GlobalSection(ProjectConfigurationPlatforms) = postSolution
		{DD94E76D-7A53-415C-867A-29CAADA40587}.Debug|Any CPU.ActiveCfg = Debug|Any CPU
		{DD94E76D-7A53-415C-867A-29CAADA40587}.Debug|Any CPU.Build.0 = Debug|Any CPU
		{DD94E76D-7A53-415C-867A-29CAADA40587}.Release|Any CPU.ActiveCfg = Release|Any CPU
		{DD94E76D-7A53-415C-867A-29CAADA40587}.Release|Any CPU.Build.0 = Release|Any CPU
	EndGlobalSection
	GlobalSection(SolutionProperties) = preSolution
		HideSolutionNode = FALSE
	EndGlobalSection
	GlobalSection(ExtensibilityGlobals) = postSolution
		SolutionGuid = {AD785DB5-4FD9-46C0-B457-A803A46428D9}
	EndGlobalSection
EndGlobal
